
Microsoft Visual Studio Solution File, Format Version 12.00
# Visual Studio Version 17
VisualStudioVersion = 17.6.33801.468
MinimumVisualStudioVersion = 10.0.40219.1
Project("{9A19103F-16F7-4668-BE54-9A1E7A4F7556}") = "Pronto.App", "Pronto.App\Pronto.App.csproj", "{8E15207F-ECBB-473C-B009-E3649521C618}"
EndProject
Project("{9A19103F-16F7-4668-BE54-9A1E7A4F7556}") = "Pronto.Gpt.Prompts", "Pronto.Gpt.Prompts\Pronto.Gpt.Prompts.csproj", "{B5EB365E-F818-4774-A424-296D4BBF6828}"
EndProject
Project("{9A19103F-16F7-4668-BE54-9A1E7A4F7556}") = "Youbiquitous.Fluent.Gpt", "Youbiquitous.Fluent.Gpt\Youbiquitous.Fluent.Gpt.csproj", "{D5B1D69D-8FFF-42E6-ABA0-8D516EB01C92}"
EndProject
Project("{9A19103F-16F7-4668-BE54-9A1E7A4F7556}") = "Pronto.Shared", "Pronto.Shared\Pronto.Shared.csproj", "{3C1E88D3-C419-4894-940C-93B9A1F4EF29}"
EndProject
Project("{9A19103F-16F7-4668-BE54-9A1E7A4F7556}") = "Pronto.Infrastructure", "Pronto.Infrastructure\Pronto.Infrastructure.csproj", "{557A5FD7-B0B6-456A-AAC6-853CD118E981}"
EndProject
Global
	GlobalSection(SolutionConfigurationPlatforms) = preSolution
		Debug|Any CPU = Debug|Any CPU
		Release|Any CPU = Release|Any CPU
	EndGlobalSection
	GlobalSection(ProjectConfigurationPlatforms) = postSolution
		{8E15207F-ECBB-473C-B009-E3649521C618}.Debug|Any CPU.ActiveCfg = Debug|Any CPU
		{8E15207F-ECBB-473C-B009-E3649521C618}.Debug|Any CPU.Build.0 = Debug|Any CPU
		{8E15207F-ECBB-473C-B009-E3649521C618}.Release|Any CPU.ActiveCfg = Release|Any CPU
		{8E15207F-ECBB-473C-B009-E3649521C618}.Release|Any CPU.Build.0 = Release|Any CPU
		{B5EB365E-F818-4774-A424-296D4BBF6828}.Debug|Any CPU.ActiveCfg = Debug|Any CPU
		{B5EB365E-F818-4774-A424-296D4BBF6828}.Debug|Any CPU.Build.0 = Debug|Any CPU
		{B5EB365E-F818-4774-A424-296D4BBF6828}.Release|Any CPU.ActiveCfg = Release|Any CPU
		{B5EB365E-F818-4774-A424-296D4BBF6828}.Release|Any CPU.Build.0 = Release|Any CPU
		{D5B1D69D-8FFF-42E6-ABA0-8D516EB01C92}.Debug|Any CPU.ActiveCfg = Debug|Any CPU
		{D5B1D69D-8FFF-42E6-ABA0-8D516EB01C92}.Debug|Any CPU.Build.0 = Debug|Any CPU
		{D5B1D69D-8FFF-42E6-ABA0-8D516EB01C92}.Release|Any CPU.ActiveCfg = Release|Any CPU
		{D5B1D69D-8FFF-42E6-ABA0-8D516EB01C92}.Release|Any CPU.Build.0 = Release|Any CPU
		{3C1E88D3-C419-4894-940C-93B9A1F4EF29}.Debug|Any CPU.ActiveCfg = Debug|Any CPU
		{3C1E88D3-C419-4894-940C-93B9A1F4EF29}.Debug|Any CPU.Build.0 = Debug|Any CPU
		{3C1E88D3-C419-4894-940C-93B9A1F4EF29}.Release|Any CPU.ActiveCfg = Release|Any CPU
		{3C1E88D3-C419-4894-940C-93B9A1F4EF29}.Release|Any CPU.Build.0 = Release|Any CPU
		{557A5FD7-B0B6-456A-AAC6-853CD118E981}.Debug|Any CPU.ActiveCfg = Debug|Any CPU
		{557A5FD7-B0B6-456A-AAC6-853CD118E981}.Debug|Any CPU.Build.0 = Debug|Any CPU
		{557A5FD7-B0B6-456A-AAC6-853CD118E981}.Release|Any CPU.ActiveCfg = Release|Any CPU
		{557A5FD7-B0B6-456A-AAC6-853CD118E981}.Release|Any CPU.Build.0 = Release|Any CPU
	EndGlobalSection
	GlobalSection(SolutionProperties) = preSolution
		HideSolutionNode = FALSE
	EndGlobalSection
	GlobalSection(ExtensibilityGlobals) = postSolution
		SolutionGuid = {2941EF62-21DF-4DDD-96E6-8119CAFFC1B0}
	EndGlobalSection
EndGlobal
